<Solution>
  <Project Path="Detective.UI.csproj" />
  <Project Path="Assembly-CSharp.csproj" />
  <Project Path="Detective.NPC.csproj" />
  <Project Path="Detective.Interaction.csproj" />
  <Project Path="Assembly-CSharp-Editor.csproj" />
  <Project Path="Detective.DNAFingerPrint.csproj" />
</Solution>
